
Microsoft Visual Studio Solution File, Format Version 12.00
# Visual Studio Version 17
VisualStudioVersion = 17.14.37012.4
MinimumVisualStudioVersion = 10.0.40219.1
Project("{2150E333-8FDC-42A3-9474-1A3956D46DE8}") = "Presentation", "Presentation", "{02EA681E-C7D8-13C7-8484-4AC65E1B71E8}"
EndProject
Project("{FAE04EC0-301F-11D3-BF4B-00C04F79EFBC}") = "SolveIt.Web", "SolveIt.Web\SolveIt.Web.csproj", "{29FD8777-E9A4-4EF8-80BA-25DBE95AB425}"
EndProject
Project("{2150E333-8FDC-42A3-9474-1A3956D46DE8}") = "Common", "Common", "{F0FC340B-DCE7-4F82-ACBF-11A878AFEC19}"
EndProject
Project("{2150E333-8FDC-42A3-9474-1A3956D46DE8}") = "DataLater", "DataLater", "{D9FBFA17-BCE6-41C0-BAE4-64283785A079}"
EndProject
Project("{2150E333-8FDC-42A3-9474-1A3956D46DE8}") = "Domain", "Domain", "{A760295C-60DD-45DD-B676-46D1D25DBC77}"
EndProject
Project("{2150E333-8FDC-42A3-9474-1A3956D46DE8}") = "IoC", "IoC", "{FD34BE36-4754-422D-A6CB-A83511F10DBA}"
EndProject
Project("{2150E333-8FDC-42A3-9474-1A3956D46DE8}") = "Application", "Application", "{B1FDC224-D6C6-4C63-86C9-E8E3E7498D74}"
EndProject
Project("{FAE04EC0-301F-11D3-BF4B-00C04F79EFBC}") = "SolveIt.Application", "SolveIt.Application\SolveIt.Application.csproj", "{B345E747-110D-4E6E-BD55-0D08F53402C0}"
EndProject
Project("{FAE04EC0-301F-11D3-BF4B-00C04F79EFBC}") = "SolveIt.Common", "SolveIt.Common\SolveIt.Common.csproj", "{2FDE1B9F-1BBD-42EE-8CEB-EC81FBFF16AE}"
EndProject
Project("{FAE04EC0-301F-11D3-BF4B-00C04F79EFBC}") = "SolveIt.Domain", "SolveIt.Domain\SolveIt.Domain.csproj", "{5CD2379D-394E-4ACD-A842-79AF93FA5DD5}"
EndProject
Project("{FAE04EC0-301F-11D3-BF4B-00C04F79EFBC}") = "SolveIt.DataLayer", "SolveIt.DataLayer\SolveIt.DataLayer.csproj", "{3C4312EF-09CA-4460-A4BA-A7B1C781EEA4}"
EndProject
Project("{FAE04EC0-301F-11D3-BF4B-00C04F79EFBC}") = "SolveIt.IoC", "SolveIt.IoC\SolveIt.IoC.csproj", "{9FFFD8EC-B2CE-4FFB-B5DE-E880987D7F3D}"
EndProject
Global
	GlobalSection(SolutionConfigurationPlatforms) = preSolution
		Debug|Any CPU = Debug|Any CPU
		Release|Any CPU = Release|Any CPU
	EndGlobalSection
	GlobalSection(ProjectConfigurationPlatforms) = postSolution
		{29FD8777-E9A4-4EF8-80BA-25DBE95AB425}.Debug|Any CPU.ActiveCfg = Debug|Any CPU
		{29FD8777-E9A4-4EF8-80BA-25DBE95AB425}.Debug|Any CPU.Build.0 = Debug|Any CPU
		{29FD8777-E9A4-4EF8-80BA-25DBE95AB425}.Release|Any CPU.ActiveCfg = Release|Any CPU
		{29FD8777-E9A4-4EF8-80BA-25DBE95AB425}.Release|Any CPU.Build.0 = Release|Any CPU
		{B345E747-110D-4E6E-BD55-0D08F53402C0}.Debug|Any CPU.ActiveCfg = Debug|Any CPU
		{B345E747-110D-4E6E-BD55-0D08F53402C0}.Debug|Any CPU.Build.0 = Debug|Any CPU
		{B345E747-110D-4E6E-BD55-0D08F53402C0}.Release|Any CPU.ActiveCfg = Release|Any CPU
		{B345E747-110D-4E6E-BD55-0D08F53402C0}.Release|Any CPU.Build.0 = Release|Any CPU
		{2FDE1B9F-1BBD-42EE-8CEB-EC81FBFF16AE}.Debug|Any CPU.ActiveCfg = Debug|Any CPU
		{2FDE1B9F-1BBD-42EE-8CEB-EC81FBFF16AE}.Debug|Any CPU.Build.0 = Debug|Any CPU
		{2FDE1B9F-1BBD-42EE-8CEB-EC81FBFF16AE}.Release|Any CPU.ActiveCfg = Release|Any CPU
		{2FDE1B9F-1BBD-42EE-8CEB-EC81FBFF16AE}.Release|Any CPU.Build.0 = Release|Any CPU
		{5CD2379D-394E-4ACD-A842-79AF93FA5DD5}.Debug|Any CPU.ActiveCfg = Debug|Any CPU
		{5CD2379D-394E-4ACD-A842-79AF93FA5DD5}.Debug|Any CPU.Build.0 = Debug|Any CPU
		{5CD2379D-394E-4ACD-A842-79AF93FA5DD5}.Release|Any CPU.ActiveCfg = Release|Any CPU
		{5CD2379D-394E-4ACD-A842-79AF93FA5DD5}.Release|Any CPU.Build.0 = Release|Any CPU
		{3C4312EF-09CA-4460-A4BA-A7B1C781EEA4}.Debug|Any CPU.ActiveCfg = Debug|Any CPU
		{3C4312EF-09CA-4460-A4BA-A7B1C781EEA4}.Debug|Any CPU.Build.0 = Debug|Any CPU
		{3C4312EF-09CA-4460-A4BA-A7B1C781EEA4}.Release|Any CPU.ActiveCfg = Release|Any CPU
		{3C4312EF-09CA-4460-A4BA-A7B1C781EEA4}.Release|Any CPU.Build.0 = Release|Any CPU
		{9FFFD8EC-B2CE-4FFB-B5DE-E880987D7F3D}.Debug|Any CPU.ActiveCfg = Debug|Any CPU
		{9FFFD8EC-B2CE-4FFB-B5DE-E880987D7F3D}.Debug|Any CPU.Build.0 = Debug|Any CPU
		{9FFFD8EC-B2CE-4FFB-B5DE-E880987D7F3D}.Release|Any CPU.ActiveCfg = Release|Any CPU
		{9FFFD8EC-B2CE-4FFB-B5DE-E880987D7F3D}.Release|Any CPU.Build.0 = Release|Any CPU
	EndGlobalSection
	GlobalSection(SolutionProperties) = preSolution
		HideSolutionNode = FALSE
	EndGlobalSection
	GlobalSection(NestedProjects) = preSolution
		{29FD8777-E9A4-4EF8-80BA-25DBE95AB425} = {02EA681E-C7D8-13C7-8484-4AC65E1B71E8}
		{B345E747-110D-4E6E-BD55-0D08F53402C0} = {B1FDC224-D6C6-4C63-86C9-E8E3E7498D74}
		{2FDE1B9F-1BBD-42EE-8CEB-EC81FBFF16AE} = {F0FC340B-DCE7-4F82-ACBF-11A878AFEC19}
		{5CD2379D-394E-4ACD-A842-79AF93FA5DD5} = {A760295C-60DD-45DD-B676-46D1D25DBC77}
		{3C4312EF-09CA-4460-A4BA-A7B1C781EEA4} = {D9FBFA17-BCE6-41C0-BAE4-64283785A079}
		{9FFFD8EC-B2CE-4FFB-B5DE-E880987D7F3D} = {FD34BE36-4754-422D-A6CB-A83511F10DBA}
	EndGlobalSection
	GlobalSection(ExtensibilityGlobals) = postSolution
		SolutionGuid = {D076F263-C268-4F2E-8917-11CAF82FF859}
	EndGlobalSection
EndGlobal
